<?xml version="1.0" encoding="utf-8"?>
<Project ToolsVersion="4.0" xmlns="http://schemas.microsoft.com/developer/msbuild/2003">
  <ItemGroup>
    <Filter Include="inc">
      <UniqueIdentifier>{93995380-89BD-4b04-88EB-625FBE52EBFB}</UniqueIdentifier>
      <Extensions>h;hh;hpp;hxx;h++;hm;inl;inc;ipp;xsd</Extensions>
    </Filter>
    <Filter Include="src">
      <UniqueIdentifier>{4FC737F1-C7A5-4376-A066-2A32D752A2FF}</UniqueIdentifier>
      <Extensions>cpp;c;cc;cxx;c++;def;odl;idl;hpj;bat;asm;asmx</Extensions>
    </Filter>
    <Filter Include="vcpkg_scripts">
      <UniqueIdentifier>{2e9304bf-d336-4a17-b008-b6aeacc0770b}</UniqueIdentifier>
    </Filter>
  </ItemGroup>
  <ItemGroup>
    <None Include="CONTROL" />
    <None Include="vcpkg_scripts\Install.ps1">
      <Filter>vcpkg_scripts</Filter>
    </None>
    <None Include="vcpkg_scripts\Remove.ps1">
      <Filter>vcpkg_scripts</Filter>
    </None>
    <None Include="Doxyfile" />
    <None Include="DownloadVcpkgScripts.ps1" />
  </ItemGroup>
  <ItemGroup>
    <ClInclude Include="inc\Commons\_includes.hpp">
      <Filter>inc</Filter>
    </ClInclude>
    <ClInclude Include="inc\Commons\color.hpp">
      <Filter>inc</Filter>
    </ClInclude>
    <ClInclude Include="inc\Commons\log.hpp">
      <Filter>inc</Filter>
    </ClInclude>
    <ClInclude Include="inc\Commons\time.hpp">
      <Filter>inc</Filter>
    </ClInclude>
    <ClInclude Include="inc\Commons.hpp">
      <Filter>inc</Filter>
    </ClInclude>
    <ClInclude Include="inc\Commons\pointers.hpp">
      <Filter>inc</Filter>
    </ClInclude>
    <ClInclude Include="inc\Commons\env.hpp">
      <Filter>inc</Filter>
    </ClInclude>
    <ClInclude Include="inc\Commons\Async.hpp">
      <Filter>inc</Filter>
    </ClInclude>
    <ClInclude Include="inc\Commons\conversions.hpp">
      <Filter>inc</Filter>
    </ClInclude>
    <ClInclude Include="inc\Commons\Lua.hpp">
      <Filter>inc</Filter>
    </ClInclude>
    <ClInclude Include="inc\Commons\Base.hpp">
      <Filter>inc</Filter>
    </ClInclude>
    <ClInclude Include="inc\Commons\Observer.hpp">
      <Filter>inc</Filter>
    </ClInclude>
    <ClInclude Include="inc\Commons\Command.hpp">
      <Filter>inc</Filter>
    </ClInclude>
  </ItemGroup>
  <ItemGroup>
    <ClCompile Include="src\color.cpp">
      <Filter>src</Filter>
    </ClCompile>
    <ClCompile Include="src\log.cpp">
      <Filter>src</Filter>
    </ClCompile>
    <ClCompile Include="src\time.cpp">
      <Filter>src</Filter>
    </ClCompile>
    <ClCompile Include="src\env.cpp">
      <Filter>src</Filter>
    </ClCompile>
    <ClCompile Include="src\conversions.cpp">
      <Filter>src</Filter>
    </ClCompile>
    <ClCompile Include="src\DemoMain.cpp">
      <Filter>src</Filter>
    </ClCompile>
    <ClCompile Include="src\Observer.cpp">
      <Filter>src</Filter>
    </ClCompile>
    <ClCompile Include="src\Command.cpp">
      <Filter>src</Filter>
    </ClCompile>
    <ClCompile Include="src\Async.cpp">
      <Filter>src</Filter>
    </ClCompile>
  </ItemGroup>
</Project>